PODS:
  - Bolts/Tasks (1.8.4)
  - Cards (1.3.1):
    - Player
  - ChameleonFramework/Default (2.1.0)
  - ChameleonFramework/Swift (2.1.0):
    - ChameleonFramework/Default
  - Parse (1.15.3):
    - Bolts/Tasks (~> 1.8)
  - Player (0.8.3)

DEPENDENCIES:
  - Cards (from `https://github.com/PaoloCuscela/Cards.git`)
  - ChameleonFramework/Swift (from `https://github.com/ViccAlexander/Chameleon.git`)
  - Parse

EXTERNAL SOURCES:
  Cards:
    :git: https://github.com/PaoloCuscela/Cards.git
  ChameleonFramework:
    :git: https://github.com/ViccAlexander/Chameleon.git

CHECKOUT OPTIONS:
  Cards:
    :commit: 240ee3b1c8066811891a65afda4436c760a2f317
    :git: https://github.com/PaoloCuscela/Cards.git
  ChameleonFramework:
    :commit: 6dd284bde21ea2e7f9fd89bc36f40df16e16369d
    :git: https://github.com/ViccAlexander/Chameleon.git

SPEC CHECKSUMS:
  Bolts: 8a7995239dbe724f9cba2248b766d48b7ebdd322
  Cards: 3a0bc53aa35b680d0baf0ff9d21b67ba916844e5
  ChameleonFramework: d21a3cc247abfe5e37609a283a8238b03575cf64
  Parse: cdc0f1f975ee8be0409e66f21b05df4ae067047c
  Player: ce00516fdce5a44c644697200244bc4de7e50a24

PODFILE CHECKSUM: ae0be1152049bc3fe3cd8514d5239e1189e87da2

COCOAPODS: 1.4.0
